// !$*UTF8*$!
{
	archiveVersion = 1;
	classes = {
	};
	objectVersion = 77;
	objects = {

/* Begin PBXBuildFile section */
		990D5B272D7C8533001F07A1 /* Alamofire in Frameworks */ = {isa = PBXBuildFile; productRef = 990D5B262D7C8533001F07A1 /* Alamofire */; };
		990D5B9C2D7E83E9001F07A1 /* ApphudSDK in Frameworks */ = {isa = PBXBuildFile; productRef = 990D5B9B2D7E83E9001F07A1 /* ApphudSDK */; };
		990D5FFA2D88269A001F07A1 /* Lottie in Frameworks */ = {isa = PBXBuildFile; productRef = 990D5FF92D88269A001F07A1 /* Lottie */; };
/* End PBXBuildFile section */

/* Begin PBXContainerItemProxy section */
		990D5AE42D7C5379001F07A1 /* PBXContainerItemProxy */ = {
			isa = PBXContainerItemProxy;
			containerPortal = 990D5ACB2D7C5377001F07A1 /* Project object */;
			proxyType = 1;
			remoteGlobalIDString = 990D5AD22D7C5377001F07A1;
			remoteInfo = App029;
		};
		990D5AEE2D7C5379001F07A1 /* PBXContainerItemProxy */ = {
			isa = PBXContainerItemProxy;
			containerPortal = 990D5ACB2D7C5377001F07A1 /* Project object */;
			proxyType = 1;
			remoteGlobalIDString = 990D5AD22D7C5377001F07A1;
			remoteInfo = App029;
		};
/* End PBXContainerItemProxy section */

/* Begin PBXFileReference section */
		990D5AD32D7C5377001F07A1 /* App046.app */ = {isa = PBXFileReference; explicitFileType = wrapper.application; includeInIndex = 0; path = App046.app; sourceTree = BUILT_PRODUCTS_DIR; };
		990D5AE32D7C5379001F07A1 /* App046Tests.xctest */ = {isa = PBXFileReference; explicitFileType = wrapper.cfbundle; includeInIndex = 0; path = App046Tests.xctest; sourceTree = BUILT_PRODUCTS_DIR; };
		990D5AED2D7C5379001F07A1 /* App046UITests.xctest */ = {isa = PBXFileReference; explicitFileType = wrapper.cfbundle; includeInIndex = 0; path = App046UITests.xctest; sourceTree = BUILT_PRODUCTS_DIR; };
/* End PBXFileReference section */

/* Begin PBXFileSystemSynchronizedBuildFileExceptionSet section */
		990D5BC12D7F0756001F07A1 /* Exceptions for "App046" folder in "App046" target */ = {
			isa = PBXFileSystemSynchronizedBuildFileExceptionSet;
			membershipExceptions = (
				Info.plist,
			);
			target = 990D5AD22D7C5377001F07A1 /* App046 */;
		};
/* End PBXFileSystemSynchronizedBuildFileExceptionSet section */

/* Begin PBXFileSystemSynchronizedRootGroup section */
		990D5AD52D7C5377001F07A1 /* App046 */ = {
			isa = PBXFileSystemSynchronizedRootGroup;
			exceptions = (
				990D5BC12D7F0756001F07A1 /* Exceptions for "App046" folder in "App046" target */,
			);
			path = App046;
			sourceTree = "<group>";
		};
		990D5AE62D7C5379001F07A1 /* App029Tests */ = {
			isa = PBXFileSystemSynchronizedRootGroup;
			path = App029Tests;
			sourceTree = "<group>";
		};
		990D5AF02D7C5379001F07A1 /* App029UITests */ = {
			isa = PBXFileSystemSynchronizedRootGroup;
			path = App029UITests;
			sourceTree = "<group>";
		};
/* End PBXFileSystemSynchronizedRootGroup section */

/* Begin PBXFrameworksBuildPhase section */
		990D5AD02D7C5377001F07A1 /* Frameworks */ = {
			isa = PBXFrameworksBuildPhase;
			buildActionMask = 2147483647;
			files = (
				990D5B272D7C8533001F07A1 /* Alamofire in Frameworks */,
				990D5B9C2D7E83E9001F07A1 /* ApphudSDK in Frameworks */,
				990D5FFA2D88269A001F07A1 /* Lottie in Frameworks */,
			);
			runOnlyForDeploymentPostprocessing = 0;
		};
		990D5AE02D7C5379001F07A1 /* Frameworks */ = {
			isa = PBXFrameworksBuildPhase;
			buildActionMask = 2147483647;
			files = (
			);
			runOnlyForDeploymentPostprocessing = 0;
		};
		990D5AEA2D7C5379001F07A1 /* Frameworks */ = {
			isa = PBXFrameworksBuildPhase;
			buildActionMask = 2147483647;
			files = (
			);
			runOnlyForDeploymentPostprocessing = 0;
		};
/* End PBXFrameworksBuildPhase section */

/* Begin PBXGroup section */
		990D5ACA2D7C5377001F07A1 = {
			isa = PBXGroup;
			children = (
				990D5AD52D7C5377001F07A1 /* App046 */,
				990D5AE62D7C5379001F07A1 /* App029Tests */,
				990D5AF02D7C5379001F07A1 /* App029UITests */,
				990D5AD42D7C5377001F07A1 /* Products */,
			);
			sourceTree = "<group>";
		};
		990D5AD42D7C5377001F07A1 /* Products */ = {
			isa = PBXGroup;
			children = (
				990D5AD32D7C5377001F07A1 /* App046.app */,
				990D5AE32D7C5379001F07A1 /* App046Tests.xctest */,
				990D5AED2D7C5379001F07A1 /* App046UITests.xctest */,
			);
			name = Products;
			sourceTree = "<group>";
		};
/* End PBXGroup section */

/* Begin PBXNativeTarget section */
		990D5AD22D7C5377001F07A1 /* App046 */ = {
			isa = PBXNativeTarget;
			buildConfigurationList = 990D5AF72D7C5379001F07A1 /* Build configuration list for PBXNativeTarget "App046" */;
			buildPhases = (
				990D5ACF2D7C5377001F07A1 /* Sources */,
				990D5AD02D7C5377001F07A1 /* Frameworks */,
				990D5AD12D7C5377001F07A1 /* Resources */,
			);
			buildRules = (
			);
			dependencies = (
			);
			fileSystemSynchronizedGroups = (
				990D5AD52D7C5377001F07A1 /* App046 */,
			);
			name = App046;
			packageProductDependencies = (
				990D5B262D7C8533001F07A1 /* Alamofire */,
				990D5B9B2D7E83E9001F07A1 /* ApphudSDK */,
				990D5FF92D88269A001F07A1 /* Lottie */,
			);
			productName = App029;
			productReference = 990D5AD32D7C5377001F07A1 /* App046.app */;
			productType = "com.apple.product-type.application";
		};
		990D5AE22D7C5379001F07A1 /* App046Tests */ = {
			isa = PBXNativeTarget;
			buildConfigurationList = 990D5AFA2D7C5379001F07A1 /* Build configuration list for PBXNativeTarget "App046Tests" */;
			buildPhases = (
				990D5ADF2D7C5379001F07A1 /* Sources */,
				990D5AE02D7C5379001F07A1 /* Frameworks */,
				990D5AE12D7C5379001F07A1 /* Resources */,
			);
			buildRules = (
			);
			dependencies = (
				990D5AE52D7C5379001F07A1 /* PBXTargetDependency */,
			);
			fileSystemSynchronizedGroups = (
				990D5AE62D7C5379001F07A1 /* App029Tests */,
			);
			name = App046Tests;
			packageProductDependencies = (
			);
			productName = App029Tests;
			productReference = 990D5AE32D7C5379001F07A1 /* App046Tests.xctest */;
			productType = "com.apple.product-type.bundle.unit-test";
		};
		990D5AEC2D7C5379001F07A1 /* App046UITests */ = {
			isa = PBXNativeTarget;
			buildConfigurationList = 990D5AFD2D7C5379001F07A1 /* Build configuration list for PBXNativeTarget "App046UITests" */;
			buildPhases = (
				990D5AE92D7C5379001F07A1 /* Sources */,
				990D5AEA2D7C5379001F07A1 /* Frameworks */,
				990D5AEB2D7C5379001F07A1 /* Resources */,
			);
			buildRules = (
			);
			dependencies = (
				990D5AEF2D7C5379001F07A1 /* PBXTargetDependency */,
			);
			fileSystemSynchronizedGroups = (
				990D5AF02D7C5379001F07A1 /* App029UITests */,
			);
			name = App046UITests;
			packageProductDependencies = (
			);
			productName = App029UITests;
			productReference = 990D5AED2D7C5379001F07A1 /* App046UITests.xctest */;
			productType = "com.apple.product-type.bundle.ui-testing";
		};
/* End PBXNativeTarget section */

/* Begin PBXProject section */
		990D5ACB2D7C5377001F07A1 /* Project object */ = {
			isa = PBXProject;
			attributes = {
				BuildIndependentTargetsInParallel = 1;
				LastSwiftUpdateCheck = 1620;
				LastUpgradeCheck = 1620;
				TargetAttributes = {
					990D5AD22D7C5377001F07A1 = {
						CreatedOnToolsVersion = 16.2;
					};
					990D5AE22D7C5379001F07A1 = {
						CreatedOnToolsVersion = 16.2;
						TestTargetID = 990D5AD22D7C5377001F07A1;
					};
					990D5AEC2D7C5379001F07A1 = {
						CreatedOnToolsVersion = 16.2;
						TestTargetID = 990D5AD22D7C5377001F07A1;
					};
				};
			};
			buildConfigurationList = 990D5ACE2D7C5377001F07A1 /* Build configuration list for PBXProject "App046" */;
			developmentRegion = en;
			hasScannedForEncodings = 0;
			knownRegions = (
				en,
				Base,
			);
			mainGroup = 990D5ACA2D7C5377001F07A1;
			minimizedProjectReferenceProxies = 1;
			packageReferences = (
				990D5B252D7C8533001F07A1 /* XCRemoteSwiftPackageReference "Alamofire" */,
				990D5B9A2D7E83E9001F07A1 /* XCRemoteSwiftPackageReference "ApphudSDK" */,
				990D5FF82D88269A001F07A1 /* XCRemoteSwiftPackageReference "lottie-ios" */,
			);
			preferredProjectObjectVersion = 77;
			productRefGroup = 990D5AD42D7C5377001F07A1 /* Products */;
			projectDirPath = "";
			projectRoot = "";
			targets = (
				990D5AD22D7C5377001F07A1 /* App046 */,
				990D5AE22D7C5379001F07A1 /* App046Tests */,
				990D5AEC2D7C5379001F07A1 /* App046UITests */,
			);
		};
/* End PBXProject section */

/* Begin PBXResourcesBuildPhase section */
		990D5AD12D7C5377001F07A1 /* Resources */ = {
			isa = PBXResourcesBuildPhase;
			buildActionMask = 2147483647;
			files = (
			);
			runOnlyForDeploymentPostprocessing = 0;
		};
		990D5AE12D7C5379001F07A1 /* Resources */ = {
			isa = PBXResourcesBuildPhase;
			buildActionMask = 2147483647;
			files = (
			);
			runOnlyForDeploymentPostprocessing = 0;
		};
		990D5AEB2D7C5379001F07A1 /* Resources */ = {
			isa = PBXResourcesBuildPhase;
			buildActionMask = 2147483647;
			files = (
			);
			runOnlyForDeploymentPostprocessing = 0;
		};
/* End PBXResourcesBuildPhase section */

/* Begin PBXSourcesBuildPhase section */
		990D5ACF2D7C5377001F07A1 /* Sources */ = {
			isa = PBXSourcesBuildPhase;
			buildActionMask = 2147483647;
			files = (
			);
			runOnlyForDeploymentPostprocessing = 0;
		};
		990D5ADF2D7C5379001F07A1 /* Sources */ = {
			isa = PBXSourcesBuildPhase;
			buildActionMask = 2147483647;
			files = (
			);
			runOnlyForDeploymentPostprocessing = 0;
		};
		990D5AE92D7C5379001F07A1 /* Sources */ = {
			isa = PBXSourcesBuildPhase;
			buildActionMask = 2147483647;
			files = (
			);
			runOnlyForDeploymentPostprocessing = 0;
		};
/* End PBXSourcesBuildPhase section */

/* Begin PBXTargetDependency section */
		990D5AE52D7C5379001F07A1 /* PBXTargetDependency */ = {
			isa = PBXTargetDependency;
			target = 990D5AD22D7C5377001F07A1 /* App046 */;
			targetProxy = 990D5AE42D7C5379001F07A1 /* PBXContainerItemProxy */;
		};
		990D5AEF2D7C5379001F07A1 /* PBXTargetDependency */ = {
			isa = PBXTargetDependency;
			target = 990D5AD22D7C5377001F07A1 /* App046 */;
			targetProxy = 990D5AEE2D7C5379001F07A1 /* PBXContainerItemProxy */;
		};
/* End PBXTargetDependency section */

/* Begin XCBuildConfiguration section */
		990D5AF52D7C5379001F07A1 /* Debug */ = {
			isa = XCBuildConfiguration;
			buildSettings = {
				ALWAYS_SEARCH_USER_PATHS = NO;
				ASSETCATALOG_COMPILER_GENERATE_SWIFT_ASSET_SYMBOL_EXTENSIONS = YES;
				CLANG_ANALYZER_NONNULL = YES;
				CLANG_ANALYZER_NUMBER_OBJECT_CONVERSION = YES_AGGRESSIVE;
				CLANG_CXX_LANGUAGE_STANDARD = "gnu++20";
				CLANG_ENABLE_MODULES = YES;
				CLANG_ENABLE_OBJC_ARC = YES;
				CLANG_ENABLE_OBJC_WEAK = YES;
				CLANG_WARN_BLOCK_CAPTURE_AUTORELEASING = YES;
				CLANG_WARN_BOOL_CONVERSION = YES;
				CLANG_WARN_COMMA = YES;
				CLANG_WARN_CONSTANT_CONVERSION = YES;
				CLANG_WARN_DEPRECATED_OBJC_IMPLEMENTATIONS = YES;
				CLANG_WARN_DIRECT_OBJC_ISA_USAGE = YES_ERROR;
				CLANG_WARN_DOCUMENTATION_COMMENTS = YES;
				CLANG_WARN_EMPTY_BODY = YES;
				CLANG_WARN_ENUM_CONVERSION = YES;
				CLANG_WARN_INFINITE_RECURSION = YES;
				CLANG_WARN_INT_CONVERSION = YES;
				CLANG_WARN_NON_LITERAL_NULL_CONVERSION = YES;
				CLANG_WARN_OBJC_IMPLICIT_RETAIN_SELF = YES;
				CLANG_WARN_OBJC_LITERAL_CONVERSION = YES;
				CLANG_WARN_OBJC_ROOT_CLASS = YES_ERROR;
				CLANG_WARN_QUOTED_INCLUDE_IN_FRAMEWORK_HEADER = YES;
				CLANG_WARN_RANGE_LOOP_ANALYSIS = YES;
				CLANG_WARN_STRICT_PROTOTYPES = YES;
				CLANG_WARN_SUSPICIOUS_MOVE = YES;
				CLANG_WARN_UNGUARDED_AVAILABILITY = YES_AGGRESSIVE;
				CLANG_WARN_UNREACHABLE_CODE = YES;
				CLANG_WARN__DUPLICATE_METHOD_MATCH = YES;
				COPY_PHASE_STRIP = NO;
				DEBUG_INFORMATION_FORMAT = dwarf;
				ENABLE_STRICT_OBJC_MSGSEND = YES;
				ENABLE_TESTABILITY = YES;
				ENABLE_USER_SCRIPT_SANDBOXING = YES;
				GCC_C_LANGUAGE_STANDARD = gnu17;
				GCC_DYNAMIC_NO_PIC = NO;
				GCC_NO_COMMON_BLOCKS = YES;
				GCC_OPTIMIZATION_LEVEL = 0;
				GCC_PREPROCESSOR_DEFINITIONS = (
					"DEBUG=1",
					"$(inherited)",
				);
				GCC_WARN_64_TO_32_BIT_CONVERSION = YES;
				GCC_WARN_ABOUT_RETURN_TYPE = YES_ERROR;
				GCC_WARN_UNDECLARED_SELECTOR = YES;
				GCC_WARN_UNINITIALIZED_AUTOS = YES_AGGRESSIVE;
				GCC_WARN_UNUSED_FUNCTION = YES;
				GCC_WARN_UNUSED_VARIABLE = YES;
				IPHONEOS_DEPLOYMENT_TARGET = 18.2;
				LOCALIZATION_PREFERS_STRING_CATALOGS = YES;
				MTL_ENABLE_DEBUG_INFO = INCLUDE_SOURCE;
				MTL_FAST_MATH = YES;
				ONLY_ACTIVE_ARCH = YES;
				SDKROOT = iphoneos;
				SWIFT_ACTIVE_COMPILATION_CONDITIONS = "DEBUG $(inherited)";
				SWIFT_OPTIMIZATION_LEVEL = "-Onone";
			};
			name = Debug;
		};
		990D5AF62D7C5379001F07A1 /* Release */ = {
			isa = XCBuildConfiguration;
			buildSettings = {
				ALWAYS_SEARCH_USER_PATHS = NO;
				ASSETCATALOG_COMPILER_GENERATE_SWIFT_ASSET_SYMBOL_EXTENSIONS = YES;
				CLANG_ANALYZER_NONNULL = YES;
				CLANG_ANALYZER_NUMBER_OBJECT_CONVERSION = YES_AGGRESSIVE;
				CLANG_CXX_LANGUAGE_STANDARD = "gnu++20";
				CLANG_ENABLE_MODULES = YES;
				CLANG_ENABLE_OBJC_ARC = YES;
				CLANG_ENABLE_OBJC_WEAK = YES;
				CLANG_WARN_BLOCK_CAPTURE_AUTORELEASING = YES;
				CLANG_WARN_BOOL_CONVERSION = YES;
				CLANG_WARN_COMMA = YES;
				CLANG_WARN_CONSTANT_CONVERSION = YES;
				CLANG_WARN_DEPRECATED_OBJC_IMPLEMENTATIONS = YES;
				CLANG_WARN_DIRECT_OBJC_ISA_USAGE = YES_ERROR;
				CLANG_WARN_DOCUMENTATION_COMMENTS = YES;
				CLANG_WARN_EMPTY_BODY = YES;
				CLANG_WARN_ENUM_CONVERSION = YES;
				CLANG_WARN_INFINITE_RECURSION = YES;
				CLANG_WARN_INT_CONVERSION = YES;
				CLANG_WARN_NON_LITERAL_NULL_CONVERSION = YES;
				CLANG_WARN_OBJC_IMPLICIT_RETAIN_SELF = YES;
				CLANG_WARN_OBJC_LITERAL_CONVERSION = YES;
				CLANG_WARN_OBJC_ROOT_CLASS = YES_ERROR;
				CLANG_WARN_QUOTED_INCLUDE_IN_FRAMEWORK_HEADER = YES;
				CLANG_WARN_RANGE_LOOP_ANALYSIS = YES;
				CLANG_WARN_STRICT_PROTOTYPES = YES;
				CLANG_WARN_SUSPICIOUS_MOVE = YES;
				CLANG_WARN_UNGUARDED_AVAILABILITY = YES_AGGRESSIVE;
				CLANG_WARN_UNREACHABLE_CODE = YES;
				CLANG_WARN__DUPLICATE_METHOD_MATCH = YES;
				COPY_PHASE_STRIP = NO;
				DEBUG_INFORMATION_FORMAT = "dwarf-with-dsym";
				ENABLE_NS_ASSERTIONS = NO;
				ENABLE_STRICT_OBJC_MSGSEND = YES;
				ENABLE_USER_SCRIPT_SANDBOXING = YES;
				GCC_C_LANGUAGE_STANDARD = gnu17;
				GCC_NO_COMMON_BLOCKS = YES;
				GCC_WARN_64_TO_32_BIT_CONVERSION = YES;
				GCC_WARN_ABOUT_RETURN_TYPE = YES_ERROR;
				GCC_WARN_UNDECLARED_SELECTOR = YES;
				GCC_WARN_UNINITIALIZED_AUTOS = YES_AGGRESSIVE;
				GCC_WARN_UNUSED_FUNCTION = YES;
				GCC_WARN_UNUSED_VARIABLE = YES;
				IPHONEOS_DEPLOYMENT_TARGET = 18.2;
				LOCALIZATION_PREFERS_STRING_CATALOGS = YES;
				MTL_ENABLE_DEBUG_INFO = NO;
				MTL_FAST_MATH = YES;
				SDKROOT = iphoneos;
				SWIFT_COMPILATION_MODE = wholemodule;
				VALIDATE_PRODUCT = YES;
			};
			name = Release;
		};
		990D5AF82D7C5379001F07A1 /* Debug */ = {
			isa = XCBuildConfiguration;
			buildSettings = {
				ASSETCATALOG_COMPILER_APPICON_NAME = AppIcon;
				ASSETCATALOG_COMPILER_GLOBAL_ACCENT_COLOR_NAME = AccentColor;
				CODE_SIGN_STYLE = Automatic;
				CURRENT_PROJECT_VERSION = 1;
				DEVELOPMENT_ASSET_PATHS = "\"App046/Preview Content\"";
				ENABLE_PREVIEWS = YES;
				GENERATE_INFOPLIST_FILE = YES;
				INFOPLIST_FILE = App046/Info.plist;
				INFOPLIST_KEY_CFBundleDisplayName = "Pika art";
				INFOPLIST_KEY_NSCameraUsageDescription = "Allow access to the camera to take photos";
				INFOPLIST_KEY_NSPhotoLibraryAddUsageDescription = "Allow access to access the gallery";
				INFOPLIST_KEY_NSPhotoLibraryUsageDescription = "We would like to access your gallery to save videos.";
				INFOPLIST_KEY_NSUserTrackingUsageDescription = "We use your data to show you personalized ads and improve your app experience.";
				INFOPLIST_KEY_UIApplicationSceneManifest_Generation = YES;
				INFOPLIST_KEY_UIApplicationSupportsIndirectInputEvents = YES;
				INFOPLIST_KEY_UILaunchScreen_Generation = YES;
				INFOPLIST_KEY_UISupportedInterfaceOrientations = UIInterfaceOrientationPortrait;
				INFOPLIST_KEY_UISupportedInterfaceOrientations_iPad = "UIInterfaceOrientationLandscapeLeft UIInterfaceOrientationLandscapeRight UIInterfaceOrientationPortrait UIInterfaceOrientationPortraitUpsideDown";
				IPHONEOS_DEPLOYMENT_TARGET = 16;
				LD_RUNPATH_SEARCH_PATHS = (
					"$(inherited)",
					"@executable_path/Frameworks",
				);
				MARKETING_VERSION = 1.9;
				PRODUCT_BUNDLE_IDENTIFIER = com.andrai.seahalart;
				PRODUCT_NAME = "$(TARGET_NAME)";
				SUPPORTED_PLATFORMS = "iphoneos iphonesimulator";
				SUPPORTS_MACCATALYST = NO;
				SUPPORTS_MAC_DESIGNED_FOR_IPHONE_IPAD = NO;
				SUPPORTS_XR_DESIGNED_FOR_IPHONE_IPAD = NO;
				SWIFT_EMIT_LOC_STRINGS = YES;
				SWIFT_VERSION = 5.0;
				TARGETED_DEVICE_FAMILY = 1;
			};
			name = Debug;
		};
		990D5AF92D7C5379001F07A1 /* Release */ = {
			isa = XCBuildConfiguration;
			buildSettings = {
				ASSETCATALOG_COMPILER_APPICON_NAME = AppIcon;
				ASSETCATALOG_COMPILER_GLOBAL_ACCENT_COLOR_NAME = AccentColor;
				CODE_SIGN_STYLE = Automatic;
				CURRENT_PROJECT_VERSION = 1;
				DEVELOPMENT_ASSET_PATHS = "\"App046/Preview Content\"";
				ENABLE_PREVIEWS = YES;
				GENERATE_INFOPLIST_FILE = YES;
				INFOPLIST_FILE = App046/Info.plist;
				INFOPLIST_KEY_CFBundleDisplayName = "Pika art";
				INFOPLIST_KEY_NSCameraUsageDescription = "Allow access to the camera to take photos";
				INFOPLIST_KEY_NSPhotoLibraryAddUsageDescription = "Allow access to access the gallery";
				INFOPLIST_KEY_NSPhotoLibraryUsageDescription = "We would like to access your gallery to save videos.";
				INFOPLIST_KEY_NSUserTrackingUsageDescription = "We use your data to show you personalized ads and improve your app experience.";
				INFOPLIST_KEY_UIApplicationSceneManifest_Generation = YES;
				INFOPLIST_KEY_UIApplicationSupportsIndirectInputEvents = YES;
				INFOPLIST_KEY_UILaunchScreen_Generation = YES;
				INFOPLIST_KEY_UISupportedInterfaceOrientations = UIInterfaceOrientationPortrait;
				INFOPLIST_KEY_UISupportedInterfaceOrientations_iPad = "UIInterfaceOrientationLandscapeLeft UIInterfaceOrientationLandscapeRight UIInterfaceOrientationPortrait UIInterfaceOrientationPortraitUpsideDown";
				IPHONEOS_DEPLOYMENT_TARGET = 16;
				LD_RUNPATH_SEARCH_PATHS = (
					"$(inherited)",
					"@executable_path/Frameworks",
				);
				MARKETING_VERSION = 1.9;
				PRODUCT_BUNDLE_IDENTIFIER = com.andrai.seahalart;
				PRODUCT_NAME = "$(TARGET_NAME)";
				SUPPORTED_PLATFORMS = "iphoneos iphonesimulator";
				SUPPORTS_MACCATALYST = NO;
				SUPPORTS_MAC_DESIGNED_FOR_IPHONE_IPAD = NO;
				SUPPORTS_XR_DESIGNED_FOR_IPHONE_IPAD = NO;
				SWIFT_EMIT_LOC_STRINGS = YES;
				SWIFT_VERSION = 5.0;
				TARGETED_DEVICE_FAMILY = 1;
			};
			name = Release;
		};
		990D5AFB2D7C5379001F07A1 /* Debug */ = {
			isa = XCBuildConfiguration;
			buildSettings = {
				BUNDLE_LOADER = "$(TEST_HOST)";
				CODE_SIGN_STYLE = Automatic;
				CURRENT_PROJECT_VERSION = 1;
				GENERATE_INFOPLIST_FILE = YES;
				IPHONEOS_DEPLOYMENT_TARGET = 18.2;
				MARKETING_VERSION = 1.0;
				PRODUCT_BUNDLE_IDENTIFIER = com.029swui.App029Tests;
				PRODUCT_NAME = "$(TARGET_NAME)";
				SWIFT_EMIT_LOC_STRINGS = NO;
				SWIFT_VERSION = 5.0;
				TARGETED_DEVICE_FAMILY = "1,2";
				TEST_HOST = "$(BUILT_PRODUCTS_DIR)/App046.app/$(BUNDLE_EXECUTABLE_FOLDER_PATH)/App046";
			};
			name = Debug;
		};
		990D5AFC2D7C5379001F07A1 /* Release */ = {
			isa = XCBuildConfiguration;
			buildSettings = {
				BUNDLE_LOADER = "$(TEST_HOST)";
				CODE_SIGN_STYLE = Automatic;
				CURRENT_PROJECT_VERSION = 1;
				GENERATE_INFOPLIST_FILE = YES;
				IPHONEOS_DEPLOYMENT_TARGET = 18.2;
				MARKETING_VERSION = 1.0;
				PRODUCT_BUNDLE_IDENTIFIER = com.029swui.App029Tests;
				PRODUCT_NAME = "$(TARGET_NAME)";
				SWIFT_EMIT_LOC_STRINGS = NO;
				SWIFT_VERSION = 5.0;
				TARGETED_DEVICE_FAMILY = "1,2";
				TEST_HOST = "$(BUILT_PRODUCTS_DIR)/App046.app/$(BUNDLE_EXECUTABLE_FOLDER_PATH)/App046";
			};
			name = Release;
		};
		990D5AFE2D7C5379001F07A1 /* Debug */ = {
			isa = XCBuildConfiguration;
			buildSettings = {
				CODE_SIGN_STYLE = Automatic;
				CURRENT_PROJECT_VERSION = 1;
				GENERATE_INFOPLIST_FILE = YES;
				MARKETING_VERSION = 1.0;
				PRODUCT_BUNDLE_IDENTIFIER = com.029swui.App029UITests;
				PRODUCT_NAME = "$(TARGET_NAME)";
				SWIFT_EMIT_LOC_STRINGS = NO;
				SWIFT_VERSION = 5.0;
				TARGETED_DEVICE_FAMILY = "1,2";
				TEST_TARGET_NAME = App029;
			};
			name = Debug;
		};
		990D5AFF2D7C5379001F07A1 /* Release */ = {
			isa = XCBuildConfiguration;
			buildSettings = {
				CODE_SIGN_STYLE = Automatic;
				CURRENT_PROJECT_VERSION = 1;
				GENERATE_INFOPLIST_FILE = YES;
				MARKETING_VERSION = 1.0;
				PRODUCT_BUNDLE_IDENTIFIER = com.029swui.App029UITests;
				PRODUCT_NAME = "$(TARGET_NAME)";
				SWIFT_EMIT_LOC_STRINGS = NO;
				SWIFT_VERSION = 5.0;
				TARGETED_DEVICE_FAMILY = "1,2";
				TEST_TARGET_NAME = App029;
			};
			name = Release;
		};
/* End XCBuildConfiguration section */

/* Begin XCConfigurationList section */
		990D5ACE2D7C5377001F07A1 /* Build configuration list for PBXProject "App046" */ = {
			isa = XCConfigurationList;
			buildConfigurations = (
				990D5AF52D7C5379001F07A1 /* Debug */,
				990D5AF62D7C5379001F07A1 /* Release */,
			);
			defaultConfigurationIsVisible = 0;
			defaultConfigurationName = Release;
		};
		990D5AF72D7C5379001F07A1 /* Build configuration list for PBXNativeTarget "App046" */ = {
			isa = XCConfigurationList;
			buildConfigurations = (
				990D5AF82D7C5379001F07A1 /* Debug */,
				990D5AF92D7C5379001F07A1 /* Release */,
			);
			defaultConfigurationIsVisible = 0;
			defaultConfigurationName = Release;
		};
		990D5AFA2D7C5379001F07A1 /* Build configuration list for PBXNativeTarget "App046Tests" */ = {
			isa = XCConfigurationList;
			buildConfigurations = (
				990D5AFB2D7C5379001F07A1 /* Debug */,
				990D5AFC2D7C5379001F07A1 /* Release */,
			);
			defaultConfigurationIsVisible = 0;
			defaultConfigurationName = Release;
		};
		990D5AFD2D7C5379001F07A1 /* Build configuration list for PBXNativeTarget "App046UITests" */ = {
			isa = XCConfigurationList;
			buildConfigurations = (
				990D5AFE2D7C5379001F07A1 /* Debug */,
				990D5AFF2D7C5379001F07A1 /* Release */,
			);
			defaultConfigurationIsVisible = 0;
			defaultConfigurationName = Release;
		};
/* End XCConfigurationList section */

/* Begin XCRemoteSwiftPackageReference section */
		990D5B252D7C8533001F07A1 /* XCRemoteSwiftPackageReference "Alamofire" */ = {
			isa = XCRemoteSwiftPackageReference;
			repositoryURL = "https://github.com/Alamofire/Alamofire.git";
			requirement = {
				kind = upToNextMajorVersion;
				minimumVersion = 5.10.2;
			};
		};
		990D5B9A2D7E83E9001F07A1 /* XCRemoteSwiftPackageReference "ApphudSDK" */ = {
			isa = XCRemoteSwiftPackageReference;
			repositoryURL = "https://github.com/apphud/ApphudSDK";
			requirement = {
				kind = upToNextMajorVersion;
				minimumVersion = 3.6.0;
			};
		};
		990D5FF82D88269A001F07A1 /* XCRemoteSwiftPackageReference "lottie-ios" */ = {
			isa = XCRemoteSwiftPackageReference;
			repositoryURL = "https://github.com/airbnb/lottie-ios";
			requirement = {
				kind = upToNextMajorVersion;
				minimumVersion = 4.5.1;
			};
		};
/* End XCRemoteSwiftPackageReference section */

/* Begin XCSwiftPackageProductDependency section */
		990D5B262D7C8533001F07A1 /* Alamofire */ = {
			isa = XCSwiftPackageProductDependency;
			package = 990D5B252D7C8533001F07A1 /* XCRemoteSwiftPackageReference "Alamofire" */;
			productName = Alamofire;
		};
		990D5B9B2D7E83E9001F07A1 /* ApphudSDK */ = {
			isa = XCSwiftPackageProductDependency;
			package = 990D5B9A2D7E83E9001F07A1 /* XCRemoteSwiftPackageReference "ApphudSDK" */;
			productName = ApphudSDK;
		};
		990D5FF92D88269A001F07A1 /* Lottie */ = {
			isa = XCSwiftPackageProductDependency;
			package = 990D5FF82D88269A001F07A1 /* XCRemoteSwiftPackageReference "lottie-ios" */;
			productName = Lottie;
		};
/* End XCSwiftPackageProductDependency section */
	};
	rootObject = 990D5ACB2D7C5377001F07A1 /* Project object */;
}
